PODS:
  - Alamofire (4.5.1)
  - SWXMLHash (4.0.0)

DEPENDENCIES:
  - Alamofire (~> 4.3)
  - SWXMLHash (~> 4.0.0)

SPEC CHECKSUMS:
  Alamofire: 2d95912bf4c34f164fdfc335872e8c312acaea4a
  SWXMLHash: 6bbc0bf72975a18ceda469fb7d6a886a26d81694

PODFILE CHECKSUM: 7a72924cb1cd31c5bc4c612899ea815bf47a71a5

COCOAPODS: 1.2.0
