// !$*UTF8*$!
{
	archiveVersion = 1;
	classes = {
	};
	objectVersion = 46;
	objects = {

/* Begin PBXBuildFile section */
		3135E37B1BB6404F00DA6853 /* Constants.swift in Sources */ = {isa = PBXBuildFile; fileRef = 3135E37A1BB6404F00DA6853 /* Constants.swift */; settings = {ASSET_TAGS = (); }; };
		319779E91BB533D100ECCA50 /* AppDelegate.swift in Sources */ = {isa = PBXBuildFile; fileRef = 319779E81BB533D100ECCA50 /* AppDelegate.swift */; };
		319779EB1BB533D100ECCA50 /* Assets.xcassets in Resources */ = {isa = PBXBuildFile; fileRef = 319779EA1BB533D100ECCA50 /* Assets.xcassets */; };
		319779EE1BB533D100ECCA50 /* MainMenu.xib in Resources */ = {isa = PBXBuildFile; fileRef = 319779EC1BB533D100ECCA50 /* MainMenu.xib */; };
		319779F61BB536F000ECCA50 /* StatusMenuController.swift in Sources */ = {isa = PBXBuildFile; fileRef = 319779F51BB536F000ECCA50 /* StatusMenuController.swift */; settings = {ASSET_TAGS = (); }; };
		319779F81BB5393F00ECCA50 /* PSIWeatherAPI.swift in Sources */ = {isa = PBXBuildFile; fileRef = 319779F71BB5393F00ECCA50 /* PSIWeatherAPI.swift */; settings = {ASSET_TAGS = (); }; };
		319779FA1BB53A0000ECCA50 /* SWXMLHash.swift in Sources */ = {isa = PBXBuildFile; fileRef = 319779F91BB53A0000ECCA50 /* SWXMLHash.swift */; settings = {ASSET_TAGS = (); }; };
		31A5010C1BBA7A390062545E /* PSIModel.swift in Sources */ = {isa = PBXBuildFile; fileRef = 31A5010B1BBA7A390062545E /* PSIModel.swift */; settings = {ASSET_TAGS = (); }; };
		31E7DDAE1BB903F3008001CA /* Sparkle.framework in Frameworks */ = {isa = PBXBuildFile; fileRef = 31E7DDAD1BB903F3008001CA /* Sparkle.framework */; settings = {ASSET_TAGS = (); }; };
		31E7DDB01BB90427008001CA /* Sparkle.framework in CopyFiles */ = {isa = PBXBuildFile; fileRef = 31E7DDAD1BB903F3008001CA /* Sparkle.framework */; settings = {ATTRIBUTES = (CodeSignOnCopy, RemoveHeadersOnCopy, ); }; };
		31E7DDB41BB92B09008001CA /* Fabric.framework in Frameworks */ = {isa = PBXBuildFile; fileRef = 31E7DDB21BB92B09008001CA /* Fabric.framework */; settings = {ASSET_TAGS = (); }; };
		31E7DDB51BB92B09008001CA /* Crashlytics.framework in Frameworks */ = {isa = PBXBuildFile; fileRef = 31E7DDB31BB92B09008001CA /* Crashlytics.framework */; settings = {ASSET_TAGS = (); }; };
		DCB048A9050F6B01388C5F64 /* Pods.framework in Frameworks */ = {isa = PBXBuildFile; fileRef = 40AE2BE00324F8F8CC868B81 /* Pods.framework */; settings = {ATTRIBUTES = (Weak, ); }; };
/* End PBXBuildFile section */

/* Begin PBXCopyFilesBuildPhase section */
		31E7DDAF1BB90418008001CA /* CopyFiles */ = {
			isa = PBXCopyFilesBuildPhase;
			buildActionMask = 2147483647;
			dstPath = "";
			dstSubfolderSpec = 10;
			files = (
				31E7DDB01BB90427008001CA /* Sparkle.framework in CopyFiles */,
			);
			runOnlyForDeploymentPostprocessing = 0;
		};
/* End PBXCopyFilesBuildPhase section */

/* Begin PBXFileReference section */
		3135E37A1BB6404F00DA6853 /* Constants.swift */ = {isa = PBXFileReference; fileEncoding = 4; lastKnownFileType = sourcecode.swift; path = Constants.swift; sourceTree = "<group>"; };
		319779E51BB533D100ECCA50 /* PSIBar.app */ = {isa = PBXFileReference; explicitFileType = wrapper.application; includeInIndex = 0; path = PSIBar.app; sourceTree = BUILT_PRODUCTS_DIR; };
		319779E81BB533D100ECCA50 /* AppDelegate.swift */ = {isa = PBXFileReference; lastKnownFileType = sourcecode.swift; path = AppDelegate.swift; sourceTree = "<group>"; };
		319779EA1BB533D100ECCA50 /* Assets.xcassets */ = {isa = PBXFileReference; lastKnownFileType = folder.assetcatalog; path = Assets.xcassets; sourceTree = "<group>"; };
		319779ED1BB533D100ECCA50 /* Base */ = {isa = PBXFileReference; lastKnownFileType = file.xib; name = Base; path = Base.lproj/MainMenu.xib; sourceTree = "<group>"; };
		319779EF1BB533D100ECCA50 /* Info.plist */ = {isa = PBXFileReference; lastKnownFileType = text.plist.xml; path = Info.plist; sourceTree = "<group>"; };
		319779F51BB536F000ECCA50 /* StatusMenuController.swift */ = {isa = PBXFileReference; fileEncoding = 4; lastKnownFileType = sourcecode.swift; path = StatusMenuController.swift; sourceTree = "<group>"; };
		319779F71BB5393F00ECCA50 /* PSIWeatherAPI.swift */ = {isa = PBXFileReference; fileEncoding = 4; lastKnownFileType = sourcecode.swift; path = PSIWeatherAPI.swift; sourceTree = "<group>"; };
		319779F91BB53A0000ECCA50 /* SWXMLHash.swift */ = {isa = PBXFileReference; fileEncoding = 4; lastKnownFileType = sourcecode.swift; path = SWXMLHash.swift; sourceTree = "<group>"; };
		31A5010B1BBA7A390062545E /* PSIModel.swift */ = {isa = PBXFileReference; fileEncoding = 4; lastKnownFileType = sourcecode.swift; path = PSIModel.swift; sourceTree = "<group>"; };
		31E7DDAD1BB903F3008001CA /* Sparkle.framework */ = {isa = PBXFileReference; lastKnownFileType = wrapper.framework; path = Sparkle.framework; sourceTree = "<group>"; };
		31E7DDB21BB92B09008001CA /* Fabric.framework */ = {isa = PBXFileReference; lastKnownFileType = wrapper.framework; path = Fabric.framework; sourceTree = SOURCE_ROOT; };
		31E7DDB31BB92B09008001CA /* Crashlytics.framework */ = {isa = PBXFileReference; lastKnownFileType = wrapper.framework; path = Crashlytics.framework; sourceTree = SOURCE_ROOT; };
		31F613F21BB9480C002B1735 /* Alamofire.framework */ = {isa = PBXFileReference; lastKnownFileType = wrapper.framework; name = Alamofire.framework; path = "Pods/../build/Debug-iphoneos/Alamofire.framework"; sourceTree = "<group>"; };
		40AE2BE00324F8F8CC868B81 /* Pods.framework */ = {isa = PBXFileReference; explicitFileType = wrapper.framework; includeInIndex = 0; path = Pods.framework; sourceTree = BUILT_PRODUCTS_DIR; };
		7B80B7FAF6CE5E32623FA4E6 /* Pods.release.xcconfig */ = {isa = PBXFileReference; includeInIndex = 1; lastKnownFileType = text.xcconfig; name = Pods.release.xcconfig; path = "Pods/Target Support Files/Pods/Pods.release.xcconfig"; sourceTree = "<group>"; };
		97F89001E16DC035B4A7BD9A /* Pods.debug.xcconfig */ = {isa = PBXFileReference; includeInIndex = 1; lastKnownFileType = text.xcconfig; name = Pods.debug.xcconfig; path = "Pods/Target Support Files/Pods/Pods.debug.xcconfig"; sourceTree = "<group>"; };
/* End PBXFileReference section */

/* Begin PBXFrameworksBuildPhase section */
		319779E21BB533D100ECCA50 /* Frameworks */ = {
			isa = PBXFrameworksBuildPhase;
			buildActionMask = 2147483647;
			files = (
				31E7DDAE1BB903F3008001CA /* Sparkle.framework in Frameworks */,
				31E7DDB51BB92B09008001CA /* Crashlytics.framework in Frameworks */,
				31E7DDB41BB92B09008001CA /* Fabric.framework in Frameworks */,
				DCB048A9050F6B01388C5F64 /* Pods.framework in Frameworks */,
			);
			runOnlyForDeploymentPostprocessing = 0;
		};
/* End PBXFrameworksBuildPhase section */

/* Begin PBXGroup section */
		319779DC1BB533D100ECCA50 = {
			isa = PBXGroup;
			children = (
				319779E71BB533D100ECCA50 /* PSIBar */,
				319779E61BB533D100ECCA50 /* Products */,
				EE2820EE3E24955C543FC758 /* Pods */,
				9DC68BEC1ED961C0C70A9373 /* Frameworks */,
			);
			sourceTree = "<group>";
		};
		319779E61BB533D100ECCA50 /* Products */ = {
			isa = PBXGroup;
			children = (
				319779E51BB533D100ECCA50 /* PSIBar.app */,
			);
			name = Products;
			sourceTree = "<group>";
		};
		319779E71BB533D100ECCA50 /* PSIBar */ = {
			isa = PBXGroup;
			children = (
				319779E81BB533D100ECCA50 /* AppDelegate.swift */,
				319779F51BB536F000ECCA50 /* StatusMenuController.swift */,
				319779F71BB5393F00ECCA50 /* PSIWeatherAPI.swift */,
				31A5010B1BBA7A390062545E /* PSIModel.swift */,
				319779F91BB53A0000ECCA50 /* SWXMLHash.swift */,
				3135E37A1BB6404F00DA6853 /* Constants.swift */,
				319779EA1BB533D100ECCA50 /* Assets.xcassets */,
				319779EC1BB533D100ECCA50 /* MainMenu.xib */,
				319779EF1BB533D100ECCA50 /* Info.plist */,
				31E7DDB61BB92B49008001CA /* Frameworks */,
			);
			path = PSIBar;
			sourceTree = "<group>";
		};
		31E7DDB61BB92B49008001CA /* Frameworks */ = {
			isa = PBXGroup;
			children = (
				31E7DDAD1BB903F3008001CA /* Sparkle.framework */,
				31E7DDB21BB92B09008001CA /* Fabric.framework */,
				31E7DDB31BB92B09008001CA /* Crashlytics.framework */,
			);
			name = Frameworks;
			sourceTree = "<group>";
		};
		9DC68BEC1ED961C0C70A9373 /* Frameworks */ = {
			isa = PBXGroup;
			children = (
				31F613F21BB9480C002B1735 /* Alamofire.framework */,
				40AE2BE00324F8F8CC868B81 /* Pods.framework */,
			);
			name = Frameworks;
			sourceTree = "<group>";
		};
		EE2820EE3E24955C543FC758 /* Pods */ = {
			isa = PBXGroup;
			children = (
				97F89001E16DC035B4A7BD9A /* Pods.debug.xcconfig */,
				7B80B7FAF6CE5E32623FA4E6 /* Pods.release.xcconfig */,
			);
			name = Pods;
			sourceTree = "<group>";
		};
/* End PBXGroup section */

/* Begin PBXNativeTarget section */
		319779E41BB533D100ECCA50 /* PSIBar */ = {
			isa = PBXNativeTarget;
			buildConfigurationList = 319779F21BB533D100ECCA50 /* Build configuration list for PBXNativeTarget "PSIBar" */;
			buildPhases = (
				BC197E284132BD48BA297AFE /* Check Pods Manifest.lock */,
				319779E11BB533D100ECCA50 /* Sources */,
				319779E21BB533D100ECCA50 /* Frameworks */,
				319779E31BB533D100ECCA50 /* Resources */,
				31E7DDAF1BB90418008001CA /* CopyFiles */,
				31E7DDB11BB92AEB008001CA /* ShellScript */,
				61DFAF6318BCBC54E46B8FC6 /* Embed Pods Frameworks */,
				E4209D9891BBFA843A814DFC /* Copy Pods Resources */,
			);
			buildRules = (
			);
			dependencies = (
			);
			name = PSIBar;
			productName = PSIBar;
			productReference = 319779E51BB533D100ECCA50 /* PSIBar.app */;
			productType = "com.apple.product-type.application";
		};
/* End PBXNativeTarget section */

/* Begin PBXProject section */
		319779DD1BB533D100ECCA50 /* Project object */ = {
			isa = PBXProject;
			attributes = {
				LastUpgradeCheck = 0700;
				ORGANIZATIONNAME = "The Cubiclerebels";
				TargetAttributes = {
					319779E41BB533D100ECCA50 = {
						CreatedOnToolsVersion = 7.0;
						DevelopmentTeam = EHW7L3679R;
					};
				};
			};
			buildConfigurationList = 319779E01BB533D100ECCA50 /* Build configuration list for PBXProject "PSIBar" */;
			compatibilityVersion = "Xcode 3.2";
			developmentRegion = English;
			hasScannedForEncodings = 0;
			knownRegions = (
				en,
				Base,
			);
			mainGroup = 319779DC1BB533D100ECCA50;
			productRefGroup = 319779E61BB533D100ECCA50 /* Products */;
			projectDirPath = "";
			projectRoot = "";
			targets = (
				319779E41BB533D100ECCA50 /* PSIBar */,
			);
		};
/* End PBXProject section */

/* Begin PBXResourcesBuildPhase section */
		319779E31BB533D100ECCA50 /* Resources */ = {
			isa = PBXResourcesBuildPhase;
			buildActionMask = 2147483647;
			files = (
				319779EB1BB533D100ECCA50 /* Assets.xcassets in Resources */,
				319779EE1BB533D100ECCA50 /* MainMenu.xib in Resources */,
			);
			runOnlyForDeploymentPostprocessing = 0;
		};
/* End PBXResourcesBuildPhase section */

/* Begin PBXShellScriptBuildPhase section */
		31E7DDB11BB92AEB008001CA /* ShellScript */ = {
			isa = PBXShellScriptBuildPhase;
			buildActionMask = 2147483647;
			files = (
			);
			inputPaths = (
			);
			outputPaths = (
			);
			runOnlyForDeploymentPostprocessing = 0;
			shellPath = /bin/sh;
			shellScript = "./Fabric.framework/run 293cea63a6563fc503245378ace0292a918730e1 e27743e3891879b656422409233f0f6faa0d712a28948465a78d352e8e1b7c9a\n";
		};
		61DFAF6318BCBC54E46B8FC6 /* Embed Pods Frameworks */ = {
			isa = PBXShellScriptBuildPhase;
			buildActionMask = 2147483647;
			files = (
			);
			inputPaths = (
			);
			name = "Embed Pods Frameworks";
			outputPaths = (
			);
			runOnlyForDeploymentPostprocessing = 0;
			shellPath = /bin/sh;
			shellScript = "\"${SRCROOT}/Pods/Target Support Files/Pods/Pods-frameworks.sh\"\n";
			showEnvVarsInLog = 0;
		};
		BC197E284132BD48BA297AFE /* Check Pods Manifest.lock */ = {
			isa = PBXShellScriptBuildPhase;
			buildActionMask = 2147483647;
			files = (
			);
			inputPaths = (
			);
			name = "Check Pods Manifest.lock";
			outputPaths = (
			);
			runOnlyForDeploymentPostprocessing = 0;
			shellPath = /bin/sh;
			shellScript = "diff \"${PODS_ROOT}/../Podfile.lock\" \"${PODS_ROOT}/Manifest.lock\" > /dev/null\nif [[ $? != 0 ]] ; then\n    cat << EOM\nerror: The sandbox is not in sync with the Podfile.lock. Run 'pod install' or update your CocoaPods installation.\nEOM\n    exit 1\nfi\n";
			showEnvVarsInLog = 0;
		};
		E4209D9891BBFA843A814DFC /* Copy Pods Resources */ = {
			isa = PBXShellScriptBuildPhase;
			buildActionMask = 2147483647;
			files = (
			);
			inputPaths = (
			);
			name = "Copy Pods Resources";
			outputPaths = (
			);
			runOnlyForDeploymentPostprocessing = 0;
			shellPath = /bin/sh;
			shellScript = "\"${SRCROOT}/Pods/Target Support Files/Pods/Pods-resources.sh\"\n";
			showEnvVarsInLog = 0;
		};
/* End PBXShellScriptBuildPhase section */

/* Begin PBXSourcesBuildPhase section */
		319779E11BB533D100ECCA50 /* Sources */ = {
			isa = PBXSourcesBuildPhase;
			buildActionMask = 2147483647;
			files = (
				3135E37B1BB6404F00DA6853 /* Constants.swift in Sources */,
				319779F61BB536F000ECCA50 /* StatusMenuController.swift in Sources */,
				319779FA1BB53A0000ECCA50 /* SWXMLHash.swift in Sources */,
				319779E91BB533D100ECCA50 /* AppDelegate.swift in Sources */,
				31A5010C1BBA7A390062545E /* PSIModel.swift in Sources */,
				319779F81BB5393F00ECCA50 /* PSIWeatherAPI.swift in Sources */,
			);
			runOnlyForDeploymentPostprocessing = 0;
		};
/* End PBXSourcesBuildPhase section */

/* Begin PBXVariantGroup section */
		319779EC1BB533D100ECCA50 /* MainMenu.xib */ = {
			isa = PBXVariantGroup;
			children = (
				319779ED1BB533D100ECCA50 /* Base */,
			);
			name = MainMenu.xib;
			sourceTree = "<group>";
		};
/* End PBXVariantGroup section */

/* Begin XCBuildConfiguration section */
		319779F01BB533D100ECCA50 /* Debug */ = {
			isa = XCBuildConfiguration;
			buildSettings = {
				ALWAYS_SEARCH_USER_PATHS = NO;
				CLANG_CXX_LANGUAGE_STANDARD = "gnu++0x";
				CLANG_CXX_LIBRARY = "libc++";
				CLANG_ENABLE_MODULES = YES;
				CLANG_ENABLE_OBJC_ARC = YES;
				CLANG_WARN_BOOL_CONVERSION = YES;
				CLANG_WARN_CONSTANT_CONVERSION = YES;
				CLANG_WARN_DIRECT_OBJC_ISA_USAGE = YES_ERROR;
				CLANG_WARN_EMPTY_BODY = YES;
				CLANG_WARN_ENUM_CONVERSION = YES;
				CLANG_WARN_INT_CONVERSION = YES;
				CLANG_WARN_OBJC_ROOT_CLASS = YES_ERROR;
				CLANG_WARN_UNREACHABLE_CODE = YES;
				CLANG_WARN__DUPLICATE_METHOD_MATCH = YES;
				CODE_SIGN_IDENTITY = "-";
				COPY_PHASE_STRIP = NO;
				DEBUG_INFORMATION_FORMAT = dwarf;
				ENABLE_STRICT_OBJC_MSGSEND = YES;
				ENABLE_TESTABILITY = YES;
				GCC_C_LANGUAGE_STANDARD = gnu99;
				GCC_DYNAMIC_NO_PIC = NO;
				GCC_NO_COMMON_BLOCKS = YES;
				GCC_OPTIMIZATION_LEVEL = 0;
				GCC_PREPROCESSOR_DEFINITIONS = (
					"DEBUG=1",
					"$(inherited)",
				);
				GCC_WARN_64_TO_32_BIT_CONVERSION = YES;
				GCC_WARN_ABOUT_RETURN_TYPE = YES_ERROR;
				GCC_WARN_UNDECLARED_SELECTOR = YES;
				GCC_WARN_UNINITIALIZED_AUTOS = YES_AGGRESSIVE;
				GCC_WARN_UNUSED_FUNCTION = YES;
				GCC_WARN_UNUSED_VARIABLE = YES;
				MACOSX_DEPLOYMENT_TARGET = 10.11;
				MTL_ENABLE_DEBUG_INFO = YES;
				ONLY_ACTIVE_ARCH = YES;
				SDKROOT = macosx;
				SWIFT_OPTIMIZATION_LEVEL = "-Onone";
			};
			name = Debug;
		};
		319779F11BB533D100ECCA50 /* Release */ = {
			isa = XCBuildConfiguration;
			buildSettings = {
				ALWAYS_SEARCH_USER_PATHS = NO;
				CLANG_CXX_LANGUAGE_STANDARD = "gnu++0x";
				CLANG_CXX_LIBRARY = "libc++";
				CLANG_ENABLE_MODULES = YES;
				CLANG_ENABLE_OBJC_ARC = YES;
				CLANG_WARN_BOOL_CONVERSION = YES;
				CLANG_WARN_CONSTANT_CONVERSION = YES;
				CLANG_WARN_DIRECT_OBJC_ISA_USAGE = YES_ERROR;
				CLANG_WARN_EMPTY_BODY = YES;
				CLANG_WARN_ENUM_CONVERSION = YES;
				CLANG_WARN_INT_CONVERSION = YES;
				CLANG_WARN_OBJC_ROOT_CLASS = YES_ERROR;
				CLANG_WARN_UNREACHABLE_CODE = YES;
				CLANG_WARN__DUPLICATE_METHOD_MATCH = YES;
				CODE_SIGN_IDENTITY = "-";
				COPY_PHASE_STRIP = NO;
				DEBUG_INFORMATION_FORMAT = "dwarf-with-dsym";
				ENABLE_NS_ASSERTIONS = NO;
				ENABLE_STRICT_OBJC_MSGSEND = YES;
				GCC_C_LANGUAGE_STANDARD = gnu99;
				GCC_NO_COMMON_BLOCKS = YES;
				GCC_WARN_64_TO_32_BIT_CONVERSION = YES;
				GCC_WARN_ABOUT_RETURN_TYPE = YES_ERROR;
				GCC_WARN_UNDECLARED_SELECTOR = YES;
				GCC_WARN_UNINITIALIZED_AUTOS = YES_AGGRESSIVE;
				GCC_WARN_UNUSED_FUNCTION = YES;
				GCC_WARN_UNUSED_VARIABLE = YES;
				MACOSX_DEPLOYMENT_TARGET = 10.11;
				MTL_ENABLE_DEBUG_INFO = NO;
				SDKROOT = macosx;
			};
			name = Release;
		};
		319779F31BB533D100ECCA50 /* Debug */ = {
			isa = XCBuildConfiguration;
			baseConfigurationReference = 97F89001E16DC035B4A7BD9A /* Pods.debug.xcconfig */;
			buildSettings = {
				ASSETCATALOG_COMPILER_APPICON_NAME = AppIcon;
				CODE_SIGN_IDENTITY = "Developer ID Application";
				COMBINE_HIDPI_IMAGES = YES;
				FRAMEWORK_SEARCH_PATHS = (
					"$(inherited)",
					"$(PROJECT_DIR)/PSIBar",
					"$(PROJECT_DIR)",
					"$(PROJECT_DIR)/build/Debug-iphoneos",
				);
				INFOPLIST_FILE = PSIBar/Info.plist;
				LD_RUNPATH_SEARCH_PATHS = "$(inherited) @executable_path/../Frameworks";
				MACOSX_DEPLOYMENT_TARGET = 10.9;
				OTHER_LDFLAGS = "-Wl,-rpath,@loader_path/../Frameworks";
				PRODUCT_BUNDLE_IDENTIFIER = com.cubiclerebels.PSIBar;
				PRODUCT_NAME = "$(TARGET_NAME)";
			};
			name = Debug;
		};
		319779F41BB533D100ECCA50 /* Release */ = {
			isa = XCBuildConfiguration;
			baseConfigurationReference = 7B80B7FAF6CE5E32623FA4E6 /* Pods.release.xcconfig */;
			buildSettings = {
				ASSETCATALOG_COMPILER_APPICON_NAME = AppIcon;
				CODE_SIGN_IDENTITY = "Developer ID Application";
				COMBINE_HIDPI_IMAGES = YES;
				FRAMEWORK_SEARCH_PATHS = (
					"$(inherited)",
					"$(PROJECT_DIR)/PSIBar",
					"$(PROJECT_DIR)",
					"$(PROJECT_DIR)/build/Debug-iphoneos",
				);
				INFOPLIST_FILE = PSIBar/Info.plist;
				LD_RUNPATH_SEARCH_PATHS = "$(inherited) @executable_path/../Frameworks";
				MACOSX_DEPLOYMENT_TARGET = 10.9;
				OTHER_LDFLAGS = "-Wl,-rpath,@loader_path/../Frameworks";
				PRODUCT_BUNDLE_IDENTIFIER = com.cubiclerebels.PSIBar;
				PRODUCT_NAME = "$(TARGET_NAME)";
			};
			name = Release;
		};
/* End XCBuildConfiguration section */

/* Begin XCConfigurationList section */
		319779E01BB533D100ECCA50 /* Build configuration list for PBXProject "PSIBar" */ = {
			isa = XCConfigurationList;
			buildConfigurations = (
				319779F01BB533D100ECCA50 /* Debug */,
				319779F11BB533D100ECCA50 /* Release */,
			);
			defaultConfigurationIsVisible = 0;
			defaultConfigurationName = Release;
		};
		319779F21BB533D100ECCA50 /* Build configuration list for PBXNativeTarget "PSIBar" */ = {
			isa = XCConfigurationList;
			buildConfigurations = (
				319779F31BB533D100ECCA50 /* Debug */,
				319779F41BB533D100ECCA50 /* Release */,
			);
			defaultConfigurationIsVisible = 0;
			defaultConfigurationName = Release;
		};
/* End XCConfigurationList section */
	};
	rootObject = 319779DD1BB533D100ECCA50 /* Project object */;
}
